// !$*UTF8*$!
{
	archiveVersion = 1;
	classes = {
	};
	objectVersion = 50;
	objects = {

/* Begin PBXBuildFile section */
		2D17B1C2221D38320017DD94 /* AppDelegate.m in Sources */ = {isa = PBXBuildFile; fileRef = 2D17B1C1221D38320017DD94 /* AppDelegate.m */; };
		2D17B1C5221D38320017DD94 /* ViewController.m in Sources */ = {isa = PBXBuildFile; fileRef = 2D17B1C4221D38320017DD94 /* ViewController.m */; };
		2D17B1C8221D38320017DD94 /* Main.storyboard in Resources */ = {isa = PBXBuildFile; fileRef = 2D17B1C6221D38320017DD94 /* Main.storyboard */; };
		2D17B1CA221D38340017DD94 /* Assets.xcassets in Resources */ = {isa = PBXBuildFile; fileRef = 2D17B1C9221D38340017DD94 /* Assets.xcassets */; };
		2D17B1CD221D38340017DD94 /* LaunchScreen.storyboard in Resources */ = {isa = PBXBuildFile; fileRef = 2D17B1CB221D38340017DD94 /* LaunchScreen.storyboard */; };
		2D17B1D0221D38340017DD94 /* main.m in Sources */ = {isa = PBXBuildFile; fileRef = 2D17B1CF221D38340017DD94 /* main.m */; };
		2D17B1DA221D38340017DD94 /* CBTransformModelDemoTests.m in Sources */ = {isa = PBXBuildFile; fileRef = 2D17B1D9221D38340017DD94 /* CBTransformModelDemoTests.m */; };
		2D17B1E5221D38340017DD94 /* CBTransformModelDemoUITests.m in Sources */ = {isa = PBXBuildFile; fileRef = 2D17B1E4221D38340017DD94 /* CBTransformModelDemoUITests.m */; };
		2D17B1F4221D386F0017DD94 /* NSObject+CBModel.m in Sources */ = {isa = PBXBuildFile; fileRef = 2D17B1F3221D386F0017DD94 /* NSObject+CBModel.m */; };
		2D17B1F7221D3A900017DD94 /* Student.m in Sources */ = {isa = PBXBuildFile; fileRef = 2D17B1F6221D3A900017DD94 /* Student.m */; };
/* End PBXBuildFile section */

/* Begin PBXContainerItemProxy section */
		2D17B1D6221D38340017DD94 /* PBXContainerItemProxy */ = {
			isa = PBXContainerItemProxy;
			containerPortal = 2D17B1B5221D38320017DD94 /* Project object */;
			proxyType = 1;
			remoteGlobalIDString = 2D17B1BC221D38320017DD94;
			remoteInfo = CBTransformModelDemo;
		};
		2D17B1E1221D38340017DD94 /* PBXContainerItemProxy */ = {
			isa = PBXContainerItemProxy;
			containerPortal = 2D17B1B5221D38320017DD94 /* Project object */;
			proxyType = 1;
			remoteGlobalIDString = 2D17B1BC221D38320017DD94;
			remoteInfo = CBTransformModelDemo;
		};
/* End PBXContainerItemProxy section */

/* Begin PBXFileReference section */
		2D17B1BD221D38320017DD94 /* CBTransformModelDemo.app */ = {isa = PBXFileReference; explicitFileType = wrapper.application; includeInIndex = 0; path = CBTransformModelDemo.app; sourceTree = BUILT_PRODUCTS_DIR; };
		2D17B1C0221D38320017DD94 /* AppDelegate.h */ = {isa = PBXFileReference; lastKnownFileType = sourcecode.c.h; path = AppDelegate.h; sourceTree = "<group>"; };
		2D17B1C1221D38320017DD94 /* AppDelegate.m */ = {isa = PBXFileReference; lastKnownFileType = sourcecode.c.objc; path = AppDelegate.m; sourceTree = "<group>"; };
		2D17B1C3221D38320017DD94 /* ViewController.h */ = {isa = PBXFileReference; lastKnownFileType = sourcecode.c.h; path = ViewController.h; sourceTree = "<group>"; };
		2D17B1C4221D38320017DD94 /* ViewController.m */ = {isa = PBXFileReference; lastKnownFileType = sourcecode.c.objc; path = ViewController.m; sourceTree = "<group>"; };
		2D17B1C7221D38320017DD94 /* Base */ = {isa = PBXFileReference; lastKnownFileType = file.storyboard; name = Base; path = Base.lproj/Main.storyboard; sourceTree = "<group>"; };
		2D17B1C9221D38340017DD94 /* Assets.xcassets */ = {isa = PBXFileReference; lastKnownFileType = folder.assetcatalog; path = Assets.xcassets; sourceTree = "<group>"; };
		2D17B1CC221D38340017DD94 /* Base */ = {isa = PBXFileReference; lastKnownFileType = file.storyboard; name = Base; path = Base.lproj/LaunchScreen.storyboard; sourceTree = "<group>"; };
		2D17B1CE221D38340017DD94 /* Info.plist */ = {isa = PBXFileReference; lastKnownFileType = text.plist.xml; path = Info.plist; sourceTree = "<group>"; };
		2D17B1CF221D38340017DD94 /* main.m */ = {isa = PBXFileReference; lastKnownFileType = sourcecode.c.objc; path = main.m; sourceTree = "<group>"; };
		2D17B1D5221D38340017DD94 /* CBTransformModelDemoTests.xctest */ = {isa = PBXFileReference; explicitFileType = wrapper.cfbundle; includeInIndex = 0; path = CBTransformModelDemoTests.xctest; sourceTree = BUILT_PRODUCTS_DIR; };
		2D17B1D9221D38340017DD94 /* CBTransformModelDemoTests.m */ = {isa = PBXFileReference; lastKnownFileType = sourcecode.c.objc; path = CBTransformModelDemoTests.m; sourceTree = "<group>"; };
		2D17B1DB221D38340017DD94 /* Info.plist */ = {isa = PBXFileReference; lastKnownFileType = text.plist.xml; path = Info.plist; sourceTree = "<group>"; };
		2D17B1E0221D38340017DD94 /* CBTransformModelDemoUITests.xctest */ = {isa = PBXFileReference; explicitFileType = wrapper.cfbundle; includeInIndex = 0; path = CBTransformModelDemoUITests.xctest; sourceTree = BUILT_PRODUCTS_DIR; };
		2D17B1E4221D38340017DD94 /* CBTransformModelDemoUITests.m */ = {isa = PBXFileReference; lastKnownFileType = sourcecode.c.objc; path = CBTransformModelDemoUITests.m; sourceTree = "<group>"; };
		2D17B1E6221D38340017DD94 /* Info.plist */ = {isa = PBXFileReference; lastKnownFileType = text.plist.xml; path = Info.plist; sourceTree = "<group>"; };
		2D17B1F2221D386F0017DD94 /* NSObject+CBModel.h */ = {isa = PBXFileReference; lastKnownFileType = sourcecode.c.h; path = "NSObject+CBModel.h"; sourceTree = "<group>"; };
		2D17B1F3221D386F0017DD94 /* NSObject+CBModel.m */ = {isa = PBXFileReference; lastKnownFileType = sourcecode.c.objc; path = "NSObject+CBModel.m"; sourceTree = "<group>"; };
		2D17B1F5221D3A900017DD94 /* Student.h */ = {isa = PBXFileReference; lastKnownFileType = sourcecode.c.h; path = Student.h; sourceTree = "<group>"; };
		2D17B1F6221D3A900017DD94 /* Student.m */ = {isa = PBXFileReference; lastKnownFileType = sourcecode.c.objc; path = Student.m; sourceTree = "<group>"; };
/* End PBXFileReference section */

/* Begin PBXFrameworksBuildPhase section */
		2D17B1BA221D38320017DD94 /* Frameworks */ = {
			isa = PBXFrameworksBuildPhase;
			buildActionMask = 2147483647;
			files = (
			);
			runOnlyForDeploymentPostprocessing = 0;
		};
		2D17B1D2221D38340017DD94 /* Frameworks */ = {
			isa = PBXFrameworksBuildPhase;
			buildActionMask = 2147483647;
			files = (
			);
			runOnlyForDeploymentPostprocessing = 0;
		};
		2D17B1DD221D38340017DD94 /* Frameworks */ = {
			isa = PBXFrameworksBuildPhase;
			buildActionMask = 2147483647;
			files = (
			);
			runOnlyForDeploymentPostprocessing = 0;
		};
/* End PBXFrameworksBuildPhase section */

/* Begin PBXGroup section */
		2D17B1B4221D38320017DD94 = {
			isa = PBXGroup;
			children = (
				2D17B1BF221D38320017DD94 /* CBTransformModelDemo */,
				2D17B1D8221D38340017DD94 /* CBTransformModelDemoTests */,
				2D17B1E3221D38340017DD94 /* CBTransformModelDemoUITests */,
				2D17B1BE221D38320017DD94 /* Products */,
			);
			sourceTree = "<group>";
		};
		2D17B1BE221D38320017DD94 /* Products */ = {
			isa = PBXGroup;
			children = (
				2D17B1BD221D38320017DD94 /* CBTransformModelDemo.app */,
				2D17B1D5221D38340017DD94 /* CBTransformModelDemoTests.xctest */,
				2D17B1E0221D38340017DD94 /* CBTransformModelDemoUITests.xctest */,
			);
			name = Products;
			sourceTree = "<group>";
		};
		2D17B1BF221D38320017DD94 /* CBTransformModelDemo */ = {
			isa = PBXGroup;
			children = (
				2D17B1C0221D38320017DD94 /* AppDelegate.h */,
				2D17B1C1221D38320017DD94 /* AppDelegate.m */,
				2D17B1C3221D38320017DD94 /* ViewController.h */,
				2D17B1C4221D38320017DD94 /* ViewController.m */,
				2D17B1F5221D3A900017DD94 /* Student.h */,
				2D17B1F6221D3A900017DD94 /* Student.m */,
				2D17B1F2221D386F0017DD94 /* NSObject+CBModel.h */,
				2D17B1F3221D386F0017DD94 /* NSObject+CBModel.m */,
				2D17B1C6221D38320017DD94 /* Main.storyboard */,
				2D17B1C9221D38340017DD94 /* Assets.xcassets */,
				2D17B1CB221D38340017DD94 /* LaunchScreen.storyboard */,
				2D17B1CE221D38340017DD94 /* Info.plist */,
				2D17B1CF221D38340017DD94 /* main.m */,
			);
			path = CBTransformModelDemo;
			sourceTree = "<group>";
		};
		2D17B1D8221D38340017DD94 /* CBTransformModelDemoTests */ = {
			isa = PBXGroup;
			children = (
				2D17B1D9221D38340017DD94 /* CBTransformModelDemoTests.m */,
				2D17B1DB221D38340017DD94 /* Info.plist */,
			);
			path = CBTransformModelDemoTests;
			sourceTree = "<group>";
		};
		2D17B1E3221D38340017DD94 /* CBTransformModelDemoUITests */ = {
			isa = PBXGroup;
			children = (
				2D17B1E4221D38340017DD94 /* CBTransformModelDemoUITests.m */,
				2D17B1E6221D38340017DD94 /* Info.plist */,
			);
			path = CBTransformModelDemoUITests;
			sourceTree = "<group>";
		};
/* End PBXGroup section */

/* Begin PBXNativeTarget section */
		2D17B1BC221D38320017DD94 /* CBTransformModelDemo */ = {
			isa = PBXNativeTarget;
			buildConfigurationList = 2D17B1E9221D38340017DD94 /* Build configuration list for PBXNativeTarget "CBTransformModelDemo" */;
			buildPhases = (
				2D17B1B9221D38320017DD94 /* Sources */,
				2D17B1BA221D38320017DD94 /* Frameworks */,
				2D17B1BB221D38320017DD94 /* Resources */,
			);
			buildRules = (
			);
			dependencies = (
			);
			name = CBTransformModelDemo;
			productName = CBTransformModelDemo;
			productReference = 2D17B1BD221D38320017DD94 /* CBTransformModelDemo.app */;
			productType = "com.apple.product-type.application";
		};
		2D17B1D4221D38340017DD94 /* CBTransformModelDemoTests */ = {
			isa = PBXNativeTarget;
			buildConfigurationList = 2D17B1EC221D38340017DD94 /* Build configuration list for PBXNativeTarget "CBTransformModelDemoTests" */;
			buildPhases = (
				2D17B1D1221D38340017DD94 /* Sources */,
				2D17B1D2221D38340017DD94 /* Frameworks */,
				2D17B1D3221D38340017DD94 /* Resources */,
			);
			buildRules = (
			);
			dependencies = (
				2D17B1D7221D38340017DD94 /* PBXTargetDependency */,
			);
			name = CBTransformModelDemoTests;
			productName = CBTransformModelDemoTests;
			productReference = 2D17B1D5221D38340017DD94 /* CBTransformModelDemoTests.xctest */;
			productType = "com.apple.product-type.bundle.unit-test";
		};
		2D17B1DF221D38340017DD94 /* CBTransformModelDemoUITests */ = {
			isa = PBXNativeTarget;
			buildConfigurationList = 2D17B1EF221D38340017DD94 /* Build configuration list for PBXNativeTarget "CBTransformModelDemoUITests" */;
			buildPhases = (
				2D17B1DC221D38340017DD94 /* Sources */,
				2D17B1DD221D38340017DD94 /* Frameworks */,
				2D17B1DE221D38340017DD94 /* Resources */,
			);
			buildRules = (
			);
			dependencies = (
				2D17B1E2221D38340017DD94 /* PBXTargetDependency */,
			);
			name = CBTransformModelDemoUITests;
			productName = CBTransformModelDemoUITests;
			productReference = 2D17B1E0221D38340017DD94 /* CBTransformModelDemoUITests.xctest */;
			productType = "com.apple.product-type.bundle.ui-testing";
		};
/* End PBXNativeTarget section */

/* Begin PBXProject section */
		2D17B1B5221D38320017DD94 /* Project object */ = {
			isa = PBXProject;
			attributes = {
				LastUpgradeCheck = 1010;
				ORGANIZATIONNAME = Ziwutong;
				TargetAttributes = {
					2D17B1BC221D38320017DD94 = {
						CreatedOnToolsVersion = 10.1;
					};
					2D17B1D4221D38340017DD94 = {
						CreatedOnToolsVersion = 10.1;
						TestTargetID = 2D17B1BC221D38320017DD94;
					};
					2D17B1DF221D38340017DD94 = {
						CreatedOnToolsVersion = 10.1;
						TestTargetID = 2D17B1BC221D38320017DD94;
					};
				};
			};
			buildConfigurationList = 2D17B1B8221D38320017DD94 /* Build configuration list for PBXProject "CBTransformModelDemo" */;
			compatibilityVersion = "Xcode 9.3";
			developmentRegion = en;
			hasScannedForEncodings = 0;
			knownRegions = (
				en,
				Base,
			);
			mainGroup = 2D17B1B4221D38320017DD94;
			productRefGroup = 2D17B1BE221D38320017DD94 /* Products */;
			projectDirPath = "";
			projectRoot = "";
			targets = (
				2D17B1BC221D38320017DD94 /* CBTransformModelDemo */,
				2D17B1D4221D38340017DD94 /* CBTransformModelDemoTests */,
				2D17B1DF221D38340017DD94 /* CBTransformModelDemoUITests */,
			);
		};
/* End PBXProject section */

/* Begin PBXResourcesBuildPhase section */
		2D17B1BB221D38320017DD94 /* Resources */ = {
			isa = PBXResourcesBuildPhase;
			buildActionMask = 2147483647;
			files = (
				2D17B1CD221D38340017DD94 /* LaunchScreen.storyboard in Resources */,
				2D17B1CA221D38340017DD94 /* Assets.xcassets in Resources */,
				2D17B1C8221D38320017DD94 /* Main.storyboard in Resources */,
			);
			runOnlyForDeploymentPostprocessing = 0;
		};
		2D17B1D3221D38340017DD94 /* Resources */ = {
			isa = PBXResourcesBuildPhase;
			buildActionMask = 2147483647;
			files = (
			);
			runOnlyForDeploymentPostprocessing = 0;
		};
		2D17B1DE221D38340017DD94 /* Resources */ = {
			isa = PBXResourcesBuildPhase;
			buildActionMask = 2147483647;
			files = (
			);
			runOnlyForDeploymentPostprocessing = 0;
		};
/* End PBXResourcesBuildPhase section */

/* Begin PBXSourcesBuildPhase section */
		2D17B1B9221D38320017DD94 /* Sources */ = {
			isa = PBXSourcesBuildPhase;
			buildActionMask = 2147483647;
			files = (
				2D17B1C5221D38320017DD94 /* ViewController.m in Sources */,
				2D17B1D0221D38340017DD94 /* main.m in Sources */,
				2D17B1F7221D3A900017DD94 /* Student.m in Sources */,
				2D17B1F4221D386F0017DD94 /* NSObject+CBModel.m in Sources */,
				2D17B1C2221D38320017DD94 /* AppDelegate.m in Sources */,
			);
			runOnlyForDeploymentPostprocessing = 0;
		};
		2D17B1D1221D38340017DD94 /* Sources */ = {
			isa = PBXSourcesBuildPhase;
			buildActionMask = 2147483647;
			files = (
				2D17B1DA221D38340017DD94 /* CBTransformModelDemoTests.m in Sources */,
			);
			runOnlyForDeploymentPostprocessing = 0;
		};
		2D17B1DC221D38340017DD94 /* Sources */ = {
			isa = PBXSourcesBuildPhase;
			buildActionMask = 2147483647;
			files = (
				2D17B1E5221D38340017DD94 /* CBTransformModelDemoUITests.m in Sources */,
			);
			runOnlyForDeploymentPostprocessing = 0;
		};
/* End PBXSourcesBuildPhase section */

/* Begin PBXTargetDependency section */
		2D17B1D7221D38340017DD94 /* PBXTargetDependency */ = {
			isa = PBXTargetDependency;
			target = 2D17B1BC221D38320017DD94 /* CBTransformModelDemo */;
			targetProxy = 2D17B1D6221D38340017DD94 /* PBXContainerItemProxy */;
		};
		2D17B1E2221D38340017DD94 /* PBXTargetDependency */ = {
			isa = PBXTargetDependency;
			target = 2D17B1BC221D38320017DD94 /* CBTransformModelDemo */;
			targetProxy = 2D17B1E1221D38340017DD94 /* PBXContainerItemProxy */;
		};
/* End PBXTargetDependency section */

/* Begin PBXVariantGroup section */
		2D17B1C6221D38320017DD94 /* Main.storyboard */ = {
			isa = PBXVariantGroup;
			children = (
				2D17B1C7221D38320017DD94 /* Base */,
			);
			name = Main.storyboard;
			sourceTree = "<group>";
		};
		2D17B1CB221D38340017DD94 /* LaunchScreen.storyboard */ = {
			isa = PBXVariantGroup;
			children = (
				2D17B1CC221D38340017DD94 /* Base */,
			);
			name = LaunchScreen.storyboard;
			sourceTree = "<group>";
		};
/* End PBXVariantGroup section */

/* Begin XCBuildConfiguration section */
		2D17B1E7221D38340017DD94 /* Debug */ = {
			isa = XCBuildConfiguration;
			buildSettings = {
				ALWAYS_SEARCH_USER_PATHS = NO;
				CLANG_ANALYZER_NONNULL = YES;
				CLANG_ANALYZER_NUMBER_OBJECT_CONVERSION = YES_AGGRESSIVE;
				CLANG_CXX_LANGUAGE_STANDARD = "gnu++14";
				CLANG_CXX_LIBRARY = "libc++";
				CLANG_ENABLE_MODULES = YES;
				CLANG_ENABLE_OBJC_ARC = YES;
				CLANG_ENABLE_OBJC_WEAK = YES;
				CLANG_WARN_BLOCK_CAPTURE_AUTORELEASING = YES;
				CLANG_WARN_BOOL_CONVERSION = YES;
				CLANG_WARN_COMMA = YES;
				CLANG_WARN_CONSTANT_CONVERSION = YES;
				CLANG_WARN_DEPRECATED_OBJC_IMPLEMENTATIONS = YES;
				CLANG_WARN_DIRECT_OBJC_ISA_USAGE = YES_ERROR;
				CLANG_WARN_DOCUMENTATION_COMMENTS = YES;
				CLANG_WARN_EMPTY_BODY = YES;
				CLANG_WARN_ENUM_CONVERSION = YES;
				CLANG_WARN_INFINITE_RECURSION = YES;
				CLANG_WARN_INT_CONVERSION = YES;
				CLANG_WARN_NON_LITERAL_NULL_CONVERSION = YES;
				CLANG_WARN_OBJC_IMPLICIT_RETAIN_SELF = YES;
				CLANG_WARN_OBJC_LITERAL_CONVERSION = YES;
				CLANG_WARN_OBJC_ROOT_CLASS = YES_ERROR;
				CLANG_WARN_RANGE_LOOP_ANALYSIS = YES;
				CLANG_WARN_STRICT_PROTOTYPES = YES;
				CLANG_WARN_SUSPICIOUS_MOVE = YES;
				CLANG_WARN_UNGUARDED_AVAILABILITY = YES_AGGRESSIVE;
				CLANG_WARN_UNREACHABLE_CODE = YES;
				CLANG_WARN__DUPLICATE_METHOD_MATCH = YES;
				CODE_SIGN_IDENTITY = "iPhone Developer";
				COPY_PHASE_STRIP = NO;
				DEBUG_INFORMATION_FORMAT = dwarf;
				ENABLE_STRICT_OBJC_MSGSEND = YES;
				ENABLE_TESTABILITY = YES;
				GCC_C_LANGUAGE_STANDARD = gnu11;
				GCC_DYNAMIC_NO_PIC = NO;
				GCC_NO_COMMON_BLOCKS = YES;
				GCC_OPTIMIZATION_LEVEL = 0;
				GCC_PREPROCESSOR_DEFINITIONS = (
					"DEBUG=1",
					"$(inherited)",
				);
				GCC_WARN_64_TO_32_BIT_CONVERSION = YES;
				GCC_WARN_ABOUT_RETURN_TYPE = YES_ERROR;
				GCC_WARN_UNDECLARED_SELECTOR = YES;
				GCC_WARN_UNINITIALIZED_AUTOS = YES_AGGRESSIVE;
				GCC_WARN_UNUSED_FUNCTION = YES;
				GCC_WARN_UNUSED_VARIABLE = YES;
				IPHONEOS_DEPLOYMENT_TARGET = 12.1;
				MTL_ENABLE_DEBUG_INFO = INCLUDE_SOURCE;
				MTL_FAST_MATH = YES;
				ONLY_ACTIVE_ARCH = YES;
				SDKROOT = iphoneos;
			};
			name = Debug;
		};
		2D17B1E8221D38340017DD94 /* Release */ = {
			isa = XCBuildConfiguration;
			buildSettings = {
				ALWAYS_SEARCH_USER_PATHS = NO;
				CLANG_ANALYZER_NONNULL = YES;
				CLANG_ANALYZER_NUMBER_OBJECT_CONVERSION = YES_AGGRESSIVE;
				CLANG_CXX_LANGUAGE_STANDARD = "gnu++14";
				CLANG_CXX_LIBRARY = "libc++";
				CLANG_ENABLE_MODULES = YES;
				CLANG_ENABLE_OBJC_ARC = YES;
				CLANG_ENABLE_OBJC_WEAK = YES;
				CLANG_WARN_BLOCK_CAPTURE_AUTORELEASING = YES;
				CLANG_WARN_BOOL_CONVERSION = YES;
				CLANG_WARN_COMMA = YES;
				CLANG_WARN_CONSTANT_CONVERSION = YES;
				CLANG_WARN_DEPRECATED_OBJC_IMPLEMENTATIONS = YES;
				CLANG_WARN_DIRECT_OBJC_ISA_USAGE = YES_ERROR;
				CLANG_WARN_DOCUMENTATION_COMMENTS = YES;
				CLANG_WARN_EMPTY_BODY = YES;
				CLANG_WARN_ENUM_CONVERSION = YES;
				CLANG_WARN_INFINITE_RECURSION = YES;
				CLANG_WARN_INT_CONVERSION = YES;
				CLANG_WARN_NON_LITERAL_NULL_CONVERSION = YES;
				CLANG_WARN_OBJC_IMPLICIT_RETAIN_SELF = YES;
				CLANG_WARN_OBJC_LITERAL_CONVERSION = YES;
				CLANG_WARN_OBJC_ROOT_CLASS = YES_ERROR;
				CLANG_WARN_RANGE_LOOP_ANALYSIS = YES;
				CLANG_WARN_STRICT_PROTOTYPES = YES;
				CLANG_WARN_SUSPICIOUS_MOVE = YES;
				CLANG_WARN_UNGUARDED_AVAILABILITY = YES_AGGRESSIVE;
				CLANG_WARN_UNREACHABLE_CODE = YES;
				CLANG_WARN__DUPLICATE_METHOD_MATCH = YES;
				CODE_SIGN_IDENTITY = "iPhone Developer";
				COPY_PHASE_STRIP = NO;
				DEBUG_INFORMATION_FORMAT = "dwarf-with-dsym";
				ENABLE_NS_ASSERTIONS = NO;
				ENABLE_STRICT_OBJC_MSGSEND = YES;
				GCC_C_LANGUAGE_STANDARD = gnu11;
				GCC_NO_COMMON_BLOCKS = YES;
				GCC_WARN_64_TO_32_BIT_CONVERSION = YES;
				GCC_WARN_ABOUT_RETURN_TYPE = YES_ERROR;
				GCC_WARN_UNDECLARED_SELECTOR = YES;
				GCC_WARN_UNINITIALIZED_AUTOS = YES_AGGRESSIVE;
				GCC_WARN_UNUSED_FUNCTION = YES;
				GCC_WARN_UNUSED_VARIABLE = YES;
				IPHONEOS_DEPLOYMENT_TARGET = 12.1;
				MTL_ENABLE_DEBUG_INFO = NO;
				MTL_FAST_MATH = YES;
				SDKROOT = iphoneos;
				VALIDATE_PRODUCT = YES;
			};
			name = Release;
		};
		2D17B1EA221D38340017DD94 /* Debug */ = {
			isa = XCBuildConfiguration;
			buildSettings = {
				ASSETCATALOG_COMPILER_APPICON_NAME = AppIcon;
				CODE_SIGN_STYLE = Automatic;
				DEVELOPMENT_TEAM = 53395UF4JK;
				INFOPLIST_FILE = CBTransformModelDemo/Info.plist;
				LD_RUNPATH_SEARCH_PATHS = (
					"$(inherited)",
					"@executable_path/Frameworks",
				);
				PRODUCT_BUNDLE_IDENTIFIER = com.Ziwutong.CBTransformModelDemo;
				PRODUCT_NAME = "$(TARGET_NAME)";
				TARGETED_DEVICE_FAMILY = "1,2";
			};
			name = Debug;
		};
		2D17B1EB221D38340017DD94 /* Release */ = {
			isa = XCBuildConfiguration;
			buildSettings = {
				ASSETCATALOG_COMPILER_APPICON_NAME = AppIcon;
				CODE_SIGN_STYLE = Automatic;
				DEVELOPMENT_TEAM = 53395UF4JK;
				INFOPLIST_FILE = CBTransformModelDemo/Info.plist;
				LD_RUNPATH_SEARCH_PATHS = (
					"$(inherited)",
					"@executable_path/Frameworks",
				);
				PRODUCT_BUNDLE_IDENTIFIER = com.Ziwutong.CBTransformModelDemo;
				PRODUCT_NAME = "$(TARGET_NAME)";
				TARGETED_DEVICE_FAMILY = "1,2";
			};
			name = Release;
		};
		2D17B1ED221D38340017DD94 /* Debug */ = {
			isa = XCBuildConfiguration;
			buildSettings = {
				BUNDLE_LOADER = "$(TEST_HOST)";
				CODE_SIGN_STYLE = Automatic;
				DEVELOPMENT_TEAM = 53395UF4JK;
				INFOPLIST_FILE = CBTransformModelDemoTests/Info.plist;
				LD_RUNPATH_SEARCH_PATHS = (
					"$(inherited)",
					"@executable_path/Frameworks",
					"@loader_path/Frameworks",
				);
				PRODUCT_BUNDLE_IDENTIFIER = com.Ziwutong.CBTransformModelDemoTests;
				PRODUCT_NAME = "$(TARGET_NAME)";
				TARGETED_DEVICE_FAMILY = "1,2";
				TEST_HOST = "$(BUILT_PRODUCTS_DIR)/CBTransformModelDemo.app/CBTransformModelDemo";
			};
			name = Debug;
		};
		2D17B1EE221D38340017DD94 /* Release */ = {
			isa = XCBuildConfiguration;
			buildSettings = {
				BUNDLE_LOADER = "$(TEST_HOST)";
				CODE_SIGN_STYLE = Automatic;
				DEVELOPMENT_TEAM = 53395UF4JK;
				INFOPLIST_FILE = CBTransformModelDemoTests/Info.plist;
				LD_RUNPATH_SEARCH_PATHS = (
					"$(inherited)",
					"@executable_path/Frameworks",
					"@loader_path/Frameworks",
				);
				PRODUCT_BUNDLE_IDENTIFIER = com.Ziwutong.CBTransformModelDemoTests;
				PRODUCT_NAME = "$(TARGET_NAME)";
				TARGETED_DEVICE_FAMILY = "1,2";
				TEST_HOST = "$(BUILT_PRODUCTS_DIR)/CBTransformModelDemo.app/CBTransformModelDemo";
			};
			name = Release;
		};
		2D17B1F0221D38340017DD94 /* Debug */ = {
			isa = XCBuildConfiguration;
			buildSettings = {
				CODE_SIGN_STYLE = Automatic;
				DEVELOPMENT_TEAM = 53395UF4JK;
				INFOPLIST_FILE = CBTransformModelDemoUITests/Info.plist;
				LD_RUNPATH_SEARCH_PATHS = (
					"$(inherited)",
					"@executable_path/Frameworks",
					"@loader_path/Frameworks",
				);
				PRODUCT_BUNDLE_IDENTIFIER = com.Ziwutong.CBTransformModelDemoUITests;
				PRODUCT_NAME = "$(TARGET_NAME)";
				TARGETED_DEVICE_FAMILY = "1,2";
				TEST_TARGET_NAME = CBTransformModelDemo;
			};
			name = Debug;
		};
		2D17B1F1221D38340017DD94 /* Release */ = {
			isa = XCBuildConfiguration;
			buildSettings = {
				CODE_SIGN_STYLE = Automatic;
				DEVELOPMENT_TEAM = 53395UF4JK;
				INFOPLIST_FILE = CBTransformModelDemoUITests/Info.plist;
				LD_RUNPATH_SEARCH_PATHS = (
					"$(inherited)",
					"@executable_path/Frameworks",
					"@loader_path/Frameworks",
				);
				PRODUCT_BUNDLE_IDENTIFIER = com.Ziwutong.CBTransformModelDemoUITests;
				PRODUCT_NAME = "$(TARGET_NAME)";
				TARGETED_DEVICE_FAMILY = "1,2";
				TEST_TARGET_NAME = CBTransformModelDemo;
			};
			name = Release;
		};
/* End XCBuildConfiguration section */

/* Begin XCConfigurationList section */
		2D17B1B8221D38320017DD94 /* Build configuration list for PBXProject "CBTransformModelDemo" */ = {
			isa = XCConfigurationList;
			buildConfigurations = (
				2D17B1E7221D38340017DD94 /* Debug */,
				2D17B1E8221D38340017DD94 /* Release */,
			);
			defaultConfigurationIsVisible = 0;
			defaultConfigurationName = Release;
		};
		2D17B1E9221D38340017DD94 /* Build configuration list for PBXNativeTarget "CBTransformModelDemo" */ = {
			isa = XCConfigurationList;
			buildConfigurations = (
				2D17B1EA221D38340017DD94 /* Debug */,
				2D17B1EB221D38340017DD94 /* Release */,
			);
			defaultConfigurationIsVisible = 0;
			defaultConfigurationName = Release;
		};
		2D17B1EC221D38340017DD94 /* Build configuration list for PBXNativeTarget "CBTransformModelDemoTests" */ = {
			isa = XCConfigurationList;
			buildConfigurations = (
				2D17B1ED221D38340017DD94 /* Debug */,
				2D17B1EE221D38340017DD94 /* Release */,
			);
			defaultConfigurationIsVisible = 0;
			defaultConfigurationName = Release;
		};
		2D17B1EF221D38340017DD94 /* Build configuration list for PBXNativeTarget "CBTransformModelDemoUITests" */ = {
			isa = XCConfigurationList;
			buildConfigurations = (
				2D17B1F0221D38340017DD94 /* Debug */,
				2D17B1F1221D38340017DD94 /* Release */,
			);
			defaultConfigurationIsVisible = 0;
			defaultConfigurationName = Release;
		};
/* End XCConfigurationList section */
	};
	rootObject = 2D17B1B5221D38320017DD94 /* Project object */;
}
